# This file was autogenerated by Stack.
# You should not edit this file by hand.
# For more information, please see the documentation at:
#   https://docs.haskellstack.org/en/stable/lock_files

packages:
- completed:
    hackage: gloss-1.13.2.2@sha256:e1a017c22fa337b2eec594dd62db6c9e20cbf02d9e8d98ffd970a1d639a42913,3977
    pantry-tree:
      sha256: dc3c880f8c1ce4d46ef06c60993982318482d41123ab0c22c807e6c14f71662b
      size: 3807
  original:
    hackage: gloss-1.13.2.2@sha256:e1a017c22fa337b2eec594dd62db6c9e20cbf02d9e8d98ffd970a1d639a42913,3977
- completed:
    hackage: linear-1.23@sha256:02894aa0ac31d9c467c5a2cf6b1513e434856754f06a456fcc7c22701c9a7fd0,4189
    pantry-tree:
      sha256: eafd8bb5773329e0db50d0266cf624d040e3f0871ad91cb54af31312771a4b32
      size: 2171
  original:
    hackage: linear-1.23@sha256:02894aa0ac31d9c467c5a2cf6b1513e434856754f06a456fcc7c22701c9a7fd0,4189
- completed:
    hackage: GLUT-2.7.0.16@sha256:2ad7c698acbe1e45f8335ba55cc5bb86f74726c58129cb27c128a918f6b17c9f,24989
    pantry-tree:
      sha256: c649acd80cb41baba876a6e8cd5628b4aaac5202ea425a64ed0eb60c82b8315e
      size: 9538
  original:
    hackage: GLUT-2.7.0.16@sha256:2ad7c698acbe1e45f8335ba55cc5bb86f74726c58129cb27c128a918f6b17c9f,24989
- completed:
    hackage: OpenGL-3.0.3.0@sha256:a9ae3de09fd0ce9c2aa47d345c85eda3d1b48951909ebff689bb7b7e6c234639,8052
    pantry-tree:
      sha256: 7b098538c0a36bc2ed26771f62c16b561ec3ae717f80e8513f39145f27bcc5f7
      size: 11166
  original:
    hackage: OpenGL-3.0.3.0@sha256:a9ae3de09fd0ce9c2aa47d345c85eda3d1b48951909ebff689bb7b7e6c234639,8052
- completed:
    hackage: adjunctions-4.4.2@sha256:30206ae6b78d3d523c2ff73640f84b51fa204ac3f05267a5f0c77c486b96781d,3379
    pantry-tree:
      sha256: 0cf0b9ed859509b8c3917dfb94fdae2990a0e75dac51df3d8f2b8ab8410021e5
      size: 1391
  original:
    hackage: adjunctions-4.4.2@sha256:30206ae6b78d3d523c2ff73640f84b51fa204ac3f05267a5f0c77c486b96781d,3379
- completed:
    hackage: base-orphans-0.9.1@sha256:c4733d09f798fc4304e936924a1a7d9fc2425aefad6c46ad4592035254b46051,3220
    pantry-tree:
      sha256: 7675c51e8d87899f8749f3140349771c977f9ff7497e896aead1bbae9d570c74
      size: 1272
  original:
    hackage: base-orphans-0.9.1@sha256:c4733d09f798fc4304e936924a1a7d9fc2425aefad6c46ad4592035254b46051,3220
- completed:
    hackage: bmp-1.2.6.3@sha256:3d4fed2515b501d98196bb56edfdf6e59cba3671e967d81e0b5ca6a7e9a3dc17,1394
    pantry-tree:
      sha256: 4a23d9624c5af0534c96fcd045a5bd8165b2a04942ff6ed68264377da7e16d26
      size: 882
  original:
    hackage: bmp-1.2.6.3@sha256:3d4fed2515b501d98196bb56edfdf6e59cba3671e967d81e0b5ca6a7e9a3dc17,1394
- completed:
    hackage: bytes-0.17.3@sha256:a249387f089dad1c4b3aafb4ac52386ed1f792b96f5fd6e7a27b6f3ec47445ca,2566
    pantry-tree:
      sha256: 3833b64bdaed4f7e0013767d37f75045a73112d0f4dc179820a3ca99a2fde5eb
      size: 844
  original:
    hackage: bytes-0.17.3@sha256:a249387f089dad1c4b3aafb4ac52386ed1f792b96f5fd6e7a27b6f3ec47445ca,2566
- completed:
    hackage: cereal-0.5.8.3@sha256:87a227c7b510217ea059db3dd59d9665edd8f0d1d3d8de39458e371a1d9402fb,2767
    pantry-tree:
      sha256: 2d570ae699908d131b63fe176115809982f86ec4589cdbf42848aa2ca79209cb
      size: 641
  original:
    hackage: cereal-0.5.8.3@sha256:87a227c7b510217ea059db3dd59d9665edd8f0d1d3d8de39458e371a1d9402fb,2767
- completed:
    hackage: distributive-0.6.2.1@sha256:0f99f5541cca04acf89b64432b03422b6408e830a8dff30e6c4334ef1a48680c,2996
    pantry-tree:
      sha256: a42bed5fe0ba295643538312dee6c9436314c05a6f7efdd32b4303979f8bd744
      size: 735
  original:
    hackage: distributive-0.6.2.1@sha256:0f99f5541cca04acf89b64432b03422b6408e830a8dff30e6c4334ef1a48680c,2996
- completed:
    hackage: gloss-rendering-1.13.1.2@sha256:2f00aa0fa980427b5d8a2911c34bc0acf16d109c8cfc9addc4e5362aa48a284a,1549
    pantry-tree:
      sha256: 2649e27f1a5fdc399c098b9456f1b2a84a9596e29df2bbfafbda65620e8fab50
      size: 895
  original:
    hackage: gloss-rendering-1.13.1.2@sha256:2f00aa0fa980427b5d8a2911c34bc0acf16d109c8cfc9addc4e5362aa48a284a,1549
- completed:
    hackage: hashable-1.4.4.0@sha256:ae22238274c572aa91e90c6c353e7206386708912ac5e6dc40ac61d1dcc553db,5216
    pantry-tree:
      sha256: cd91ec6f09475d2d0b2cf49565a488c21694be0d46bf29565f9258f5f41a3a84
      size: 1249
  original:
    hackage: hashable-1.4.4.0@sha256:ae22238274c572aa91e90c6c353e7206386708912ac5e6dc40ac61d1dcc553db,5216
- completed:
    hackage: indexed-traversable-0.1.3@sha256:911f96592752ce4ffbeda00b1155dbbfac5135c71d6755ae02c00552819a9b17,2674
    pantry-tree:
      sha256: 181cff1f160115b7ed52b9da8f4f9d10e7042821f74b23381044661120f180e6
      size: 625
  original:
    hackage: indexed-traversable-0.1.3@sha256:911f96592752ce4ffbeda00b1155dbbfac5135c71d6755ae02c00552819a9b17,2674
- completed:
    hackage: lens-5.2.3@sha256:769ec476f19cba23e5db678bc60aebb141360435cddb34b54d413efc43500f48,15237
    pantry-tree:
      sha256: fb49d676cb48c20e597aecd7ada551a355215c2459e00d3659a559fc8d8e871f
      size: 8351
  original:
    hackage: lens-5.2.3@sha256:769ec476f19cba23e5db678bc60aebb141360435cddb34b54d413efc43500f48,15237
- completed:
    hackage: random-1.2.1.2@sha256:32397de181e20ccaacf806ec70de9308cf044f089a2be37c936f3f8967bde867,6460
    pantry-tree:
      sha256: cd0fe2b39e4d4efad4d78f69c28b7fd49ffe2879923b3a9272352edc43a956e6
      size: 1528
  original:
    hackage: random-1.2.1.2@sha256:32397de181e20ccaacf806ec70de9308cf044f089a2be37c936f3f8967bde867,6460
- completed:
    hackage: reflection-2.1.7@sha256:f2b5b3f0983a605d16e53af489ebba62967d2c80353473ca66cc1734222b3a04,4518
    pantry-tree:
      sha256: 769dbc938af69aa998db5c22ed7ddadbede3e6e75e4efa56a8587a6ae4886dc8
      size: 1060
  original:
    hackage: reflection-2.1.7@sha256:f2b5b3f0983a605d16e53af489ebba62967d2c80353473ca66cc1734222b3a04,4518
- completed:
    hackage: semigroupoids-6.0.0.1@sha256:47a23b451c114e65361e713e8fe36828fca3a84285325e8f444254b2ab0c43c5,7465
    pantry-tree:
      sha256: 1df286a998f4b26f8e6b596a571363197c55e05b0ff882ed2e6e6f315f8207e0
      size: 2404
  original:
    hackage: semigroupoids-6.0.0.1@sha256:47a23b451c114e65361e713e8fe36828fca3a84285325e8f444254b2ab0c43c5,7465
- completed:
    hackage: tagged-0.8.8@sha256:9193defbde3dda997236ccc11a1db3e073cc531fe523e13e9659df776feb0b32,2732
    pantry-tree:
      sha256: 7b97ce7a1e02432ecbee65dad9affbe7d40489bb139f5ffbc15d903578349260
      size: 496
  original:
    hackage: tagged-0.8.8@sha256:9193defbde3dda997236ccc11a1db3e073cc531fe523e13e9659df776feb0b32,2732
- completed:
    hackage: transformers-compat-0.7.2@sha256:044fb9955f63ee138fcebedfdcbe54afe741f2d5892a2d0bdf3a8052bd342643,5601
    pantry-tree:
      sha256: f49610c6a2faf82111e5d4222576f4afbcfa904bf56665232c5aa077dfc7578f
      size: 1724
  original:
    hackage: transformers-compat-0.7.2@sha256:044fb9955f63ee138fcebedfdcbe54afe741f2d5892a2d0bdf3a8052bd342643,5601
- completed:
    hackage: unordered-containers-0.2.20@sha256:746c32b23f93cb13e52309e54e82d69e4315105f9815b1fcac25a57071505cff,3921
    pantry-tree:
      sha256: 4594c9803b04e23566eff12ee69380e7fd995f62c182b6a997098ee939cecfce
      size: 1647
  original:
    hackage: unordered-containers-0.2.20@sha256:746c32b23f93cb13e52309e54e82d69e4315105f9815b1fcac25a57071505cff,3921
- completed:
    hackage: vector-0.13.1.0@sha256:bc032ccfb51d775eb6f4082c5fc02f5416b0ea0d6644a60d87677a6937f2d70d,9015
    pantry-tree:
      sha256: 02345da767b4f6f83d724b8a73d15efe3d19ea37bcae97386eaab0dbacb89a30
      size: 4093
  original:
    hackage: vector-0.13.1.0@sha256:bc032ccfb51d775eb6f4082c5fc02f5416b0ea0d6644a60d87677a6937f2d70d,9015
- completed:
    hackage: void-0.7.3@sha256:13d30f62fcdf065e595d679d4ac8b4b0c1bb1a1b73db7b5b5a8f857cb5c8a546,1857
    pantry-tree:
      sha256: 5730b45e857424c97d24ee1cf530be1fc782cd000221ac97b5568be886cbbc2b
      size: 584
  original:
    hackage: void-0.7.3@sha256:13d30f62fcdf065e595d679d4ac8b4b0c1bb1a1b73db7b5b5a8f857cb5c8a546,1857
- completed:
    hackage: GLURaw-2.0.0.5@sha256:eaa04b8afa8159d50558a30074c1ee8ae8fce96b0261a886e170025453157bae,2408
    pantry-tree:
      sha256: b30da946e93c73ffeb067f7c2d2b2ece9abd2222aae6375949b73bae03b64661
      size: 712
  original:
    hackage: GLURaw-2.0.0.5@sha256:eaa04b8afa8159d50558a30074c1ee8ae8fce96b0261a886e170025453157bae,2408
- completed:
    hackage: ObjectName-1.1.0.2@sha256:ede9e59944db8e67ea0301b41b60b410cb83bc57eddaf13b13f00c386c7cb94f,1247
    pantry-tree:
      sha256: a61e517ec2149e99595f478e9b95ae2e10dbd15aa9c81efeca8c149fc087e378
      size: 265
  original:
    hackage: ObjectName-1.1.0.2@sha256:ede9e59944db8e67ea0301b41b60b410cb83bc57eddaf13b13f00c386c7cb94f,1247
- completed:
    hackage: OpenGLRaw-3.3.4.1@sha256:6dc62a43a43259847c4b4a87d7ae5b563c0c9dc3d2f04883024fc54329d933f3,26547
    pantry-tree:
      sha256: c9ec1ab688a2ccd94bab48d38999d00e32bfbfab28879d35327df73dbd7ceac6
      size: 48782
  original:
    hackage: OpenGLRaw-3.3.4.1@sha256:6dc62a43a43259847c4b4a87d7ae5b563c0c9dc3d2f04883024fc54329d933f3,26547
- completed:
    hackage: StateVar-1.2.2@sha256:3c022c00485fe165e3080d5da6b3ca9c9b02f62c5deebc584d1b3d1309ce673e,1673
    pantry-tree:
      sha256: 204cac98219e99334f47b12c565945611748ea03a4d629273dd697d738bcfd7f
      size: 314
  original:
    hackage: StateVar-1.2.2@sha256:3c022c00485fe165e3080d5da6b3ca9c9b02f62c5deebc584d1b3d1309ce673e,1673
- completed:
    hackage: assoc-1.1@sha256:56d0fd1c17aaf6268e81bf19ba5afe186128d7f88126bd546d5b3151ab692652,1617
    pantry-tree:
      sha256: c6d624f9056f55b8fafdad746f489f269d4f90dc28e8e42b23064884d33c5f8d
      size: 290
  original:
    hackage: assoc-1.1@sha256:56d0fd1c17aaf6268e81bf19ba5afe186128d7f88126bd546d5b3151ab692652,1617
- completed:
    hackage: bifunctors-5.6.2@sha256:e6a6e576b9e027ca374383c2d3a43753bce42c63c72724d3a35208a982d68c0f,3201
    pantry-tree:
      sha256: 5d804f96ef9033c8993061ccbe211b9c9717cba5774a156f4f9aeeba249b591d
      size: 1466
  original:
    hackage: bifunctors-5.6.2@sha256:e6a6e576b9e027ca374383c2d3a43753bce42c63c72724d3a35208a982d68c0f,3201
- completed:
    hackage: binary-orphans-1.0.4.1@sha256:9d2bdc3fdbe43fad20d659e562fed229222c8c4caaca74c8f27b5b813aa7ae20,2482
    pantry-tree:
      sha256: 8bce62be5445ff9a9815b59879e4a285e141c48daf4c8c968b7ecf962262d4e2
      size: 286
  original:
    hackage: binary-orphans-1.0.4.1@sha256:9d2bdc3fdbe43fad20d659e562fed229222c8c4caaca74c8f27b5b813aa7ae20,2482
- completed:
    hackage: call-stack-0.4.0@sha256:ac44d2c00931dc20b01750da8c92ec443eb63a7231e8550188cb2ac2385f7feb,1200
    pantry-tree:
      sha256: 04134fa69cdd824b4e4bb7f77e7173e0705f27deabdbbf99549c549400191e1e
      size: 501
  original:
    hackage: call-stack-0.4.0@sha256:ac44d2c00931dc20b01750da8c92ec443eb63a7231e8550188cb2ac2385f7feb,1200
- completed:
    hackage: comonad-5.0.8@sha256:4a4dbfbd03fb4963987710fca994e8b5624bd05a33e5f95b7581b26f8229c5e3,3631
    pantry-tree:
      sha256: 5810cb53d6c5e73239ad6d183eab847fba8fc1a8cd09056ede5d00c8848c8c7e
      size: 1618
  original:
    hackage: comonad-5.0.8@sha256:4a4dbfbd03fb4963987710fca994e8b5624bd05a33e5f95b7581b26f8229c5e3,3631
- completed:
    hackage: contravariant-1.5.5@sha256:470ed0e040e879e2da4af1b2c8f94e199f6135852a8107858d5ae0a95365835f,3041
    pantry-tree:
      sha256: 9eb62fea28548dc8a0f60fd47c12843092b78b24ed771b8ad63a0bb34dba8bc4
      size: 652
  original:
    hackage: contravariant-1.5.5@sha256:470ed0e040e879e2da4af1b2c8f94e199f6135852a8107858d5ae0a95365835f,3041
- completed:
    hackage: free-5.2@sha256:3d05d1129457afbae7879bb27e2019fef86cba4aa13bc4b97ce8c6b8c51d2c6e,4176
    pantry-tree:
      sha256: 37bc3716c04a5f09c4b0774c936096e374a5d55724ac4f6f273b25041d8e35e5
      size: 3130
  original:
    hackage: free-5.2@sha256:3d05d1129457afbae7879bb27e2019fef86cba4aa13bc4b97ce8c6b8c51d2c6e,4176
- completed:
    hackage: indexed-traversable-instances-0.1.1.2@sha256:00d5e3e149e2bee0f7a547e0093294c306d4276e73a619abe7d8e69f7ce03c7b,2550
    pantry-tree:
      sha256: 47cf9c6a2007db09aa40ba559f0c3ccd1341f8e68b0dfc7b410b3b815ff36ab5
      size: 366
  original:
    hackage: indexed-traversable-instances-0.1.1.2@sha256:00d5e3e149e2bee0f7a547e0093294c306d4276e73a619abe7d8e69f7ce03c7b,2550
- completed:
    hackage: kan-extensions-5.2.5@sha256:fbdba767565f40faf515b044a774cc3b371eb6ce8a082d9f659411cea88698cf,3066
    pantry-tree:
      sha256: ff88cbe19b1672f9525092ce850cc6c87cba2bf0642ca4dd89cafa42e959c5ec
      size: 1421
  original:
    hackage: kan-extensions-5.2.5@sha256:fbdba767565f40faf515b044a774cc3b371eb6ce8a082d9f659411cea88698cf,3066
- completed:
    hackage: os-string-2.0.2.1@sha256:0bf4ff8f387d7fd05a43c18fa677dd02259c99d63c2d02c5823f152736513bef,3261
    pantry-tree:
      sha256: caa0b78b83a9d429324784e239c9bf33017f9f4a3c34ec8392b3d8a1e8968bd6
      size: 2217
  original:
    hackage: os-string-2.0.2.1@sha256:0bf4ff8f387d7fd05a43c18fa677dd02259c99d63c2d02c5823f152736513bef,3261
- completed:
    hackage: parallel-3.2.2.0@sha256:b9cf0b07fdff16f503487a4daa1e40a1f1f6c10974b4f15d6dfd5f243a643e31,1942
    pantry-tree:
      sha256: d11d5b1b05b66f86a794825253c16aac6c0a2a2cfd213007647c05c73eeb2c0e
      size: 392
  original:
    hackage: parallel-3.2.2.0@sha256:b9cf0b07fdff16f503487a4daa1e40a1f1f6c10974b4f15d6dfd5f243a643e31,1942
- completed:
    hackage: primitive-0.9.0.0@sha256:2e08c5409e3559c7f1669ef50e9a0d9a397e68ecf51110d5e2cedf05cdd7d93c,3171
    pantry-tree:
      sha256: a862f3979a8ed2ae047287de3c7376f749ee97d5a27c9c55a4c6d94ffb7d1601
      size: 1793
  original:
    hackage: primitive-0.9.0.0@sha256:2e08c5409e3559c7f1669ef50e9a0d9a397e68ecf51110d5e2cedf05cdd7d93c,3171
- completed:
    hackage: profunctors-5.6.2@sha256:e178ba4468982326656626e2089e296f64485e68fdddc9f4476dcd5d612b4f78,2484
    pantry-tree:
      sha256: 477b4e6a997aa6d470a4355814c3c654641824dad07058ea77b20c2e9a7d7699
      size: 1588
  original:
    hackage: profunctors-5.6.2@sha256:e178ba4468982326656626e2089e296f64485e68fdddc9f4476dcd5d612b4f78,2484
- completed:
    hackage: scientific-0.3.7.0@sha256:909755ab19b453169ff85281323da1488407776b2360bd9f7afdd219fd306ef2,4869
    pantry-tree:
      sha256: 00e74ee83063c8c5cf5c726d9ed079a7f67051f3ddd9e2ecbbe3c6ea06271061
      size: 657
  original:
    hackage: scientific-0.3.7.0@sha256:909755ab19b453169ff85281323da1488407776b2360bd9f7afdd219fd306ef2,4869
- completed:
    hackage: semigroups-0.20@sha256:925341e6f7eb104cb490bef06eab93bb7995c7c67c51ee938185a2ddefa7aaf2,6333
    pantry-tree:
      sha256: d4d3f0b32a68cf8808fcb8d2de117ab9ec09dbfec93a297aa3d386ca79a0fe05
      size: 481
  original:
    hackage: semigroups-0.20@sha256:925341e6f7eb104cb490bef06eab93bb7995c7c67c51ee938185a2ddefa7aaf2,6333
- completed:
    hackage: splitmix-0.1.0.5@sha256:caa9b4a92abf1496c7f6a3c0f4e357426a54880077cb9f04e260a8bfa034b77b,6596
    pantry-tree:
      sha256: 6eb34b55fb0eb1c41fe539fb8ece181e31e82f4c89abf2b1aaf46df4b274797d
      size: 1519
  original:
    hackage: splitmix-0.1.0.5@sha256:caa9b4a92abf1496c7f6a3c0f4e357426a54880077cb9f04e260a8bfa034b77b,6596
- completed:
    hackage: strict-0.5@sha256:bd57d7b3655951dfaa7d1e1374d7352dfe83f82a9c98309bf3a6587ef8cbd87d,4120
    pantry-tree:
      sha256: 87b874af151a91e5d723734d6e6b98d99c0b60d4835f1ff2d39d862b3fbf04c4
      size: 654
  original:
    hackage: strict-0.5@sha256:bd57d7b3655951dfaa7d1e1374d7352dfe83f82a9c98309bf3a6587ef8cbd87d,4120
- completed:
    hackage: th-abstraction-0.7.0.0@sha256:4d80fe53ed140866018278c81e1c0c9bc8fc73d8f2a530321a588f24be491fc4,2248
    pantry-tree:
      sha256: dd0e6b079d29f4a9415b420343809066d8287d6d1c1e3b31a14bb0a5f3c60447
      size: 672
  original:
    hackage: th-abstraction-0.7.0.0@sha256:4d80fe53ed140866018278c81e1c0c9bc8fc73d8f2a530321a588f24be491fc4,2248
- completed:
    hackage: these-1.2@sha256:011e22f6891ca028f87c04ea48796696c92d593313a9c699f7ff4f9ffd7aec6e,2882
    pantry-tree:
      sha256: 37483703ce7326c07608b06f2f741fb0f708cb06bd10ec57d87108d068046b05
      size: 351
  original:
    hackage: these-1.2@sha256:011e22f6891ca028f87c04ea48796696c92d593313a9c699f7ff4f9ffd7aec6e,2882
- completed:
    hackage: vector-stream-0.1.0.1@sha256:16a69e2ed71d7b35e16860fac520f94fa4da120eb973d9f8fbf0aa3a703d4a9f,1583
    pantry-tree:
      sha256: 972e6a2098c0784a40a65f75aa811dee861afe519872f726c695749f588b8bde
      size: 325
  original:
    hackage: vector-stream-0.1.0.1@sha256:16a69e2ed71d7b35e16860fac520f94fa4da120eb973d9f8fbf0aa3a703d4a9f,1583
- completed:
    hackage: OneTuple-0.4.1.1@sha256:632dfded172086fb9f0e26d3578bcfffa3fb6d135ea5a8de17b7a33ff6e6e682,2575
    pantry-tree:
      sha256: 7bebadb3ccdaa78924ebabab963f72427cf6bb37dc7d8268c19f5da811731ffb
      size: 506
  original:
    hackage: OneTuple-0.4.1.1@sha256:632dfded172086fb9f0e26d3578bcfffa3fb6d135ea5a8de17b7a33ff6e6e682,2575
- completed:
    hackage: fixed-0.3@sha256:f76bb14011911bdd9d71ecc16ffc8000821adfefdd48b38f952b2484900f37f6,868
    pantry-tree:
      sha256: 6ab63adf4af4b898400af30d98bc31669c8509c20067ccd04831264991bc78b2
      size: 426
  original:
    hackage: fixed-0.3@sha256:f76bb14011911bdd9d71ecc16ffc8000821adfefdd48b38f952b2484900f37f6,868
- completed:
    hackage: half-0.3.1@sha256:b6b9ac2dbb6f58e1619683db43d851cc25086aecaf0925a3b6a74b1a1b17db07,2158
    pantry-tree:
      sha256: 9b885fcc89341eb374f7e74c89bc38825e22b7180143e9cab61fdf07ead7bc6a
      size: 502
  original:
    hackage: half-0.3.1@sha256:b6b9ac2dbb6f58e1619683db43d851cc25086aecaf0925a3b6a74b1a1b17db07,2158
- completed:
    hackage: integer-logarithms-1.0.3.1@sha256:0595a16d458c9c5caa425dc8ebbeb5d9adffb0c8daf4720c1d93dfcfc31dd690,3295
    pantry-tree:
      sha256: fbb007f314c82d96a33dda0dfb2c3fb010347809942feb08b26f47acdefcf256
      size: 865
  original:
    hackage: integer-logarithms-1.0.3.1@sha256:0595a16d458c9c5caa425dc8ebbeb5d9adffb0c8daf4720c1d93dfcfc31dd690,3295
- completed:
    hackage: invariant-0.6.3@sha256:f4e328e0036d3a334d308355e466291e95e55336c7744a96c98b9a3ac045f97b,3587
    pantry-tree:
      sha256: bb0a85f76c3daf066d125eaf34817182f661a00456015b32806ad5a920917676
      size: 650
  original:
    hackage: invariant-0.6.3@sha256:f4e328e0036d3a334d308355e466291e95e55336c7744a96c98b9a3ac045f97b,3587
- completed:
    hackage: transformers-base-0.4.6@sha256:6f18f320e371c8954c4b6b211e2fdd5d15a6d6310bd605b9d640f47ede408961,1643
    pantry-tree:
      sha256: 6c2d24a9678865e2a5f4b6286cb17228673a6987fb546bf07b89ffbd19716ad2
      size: 275
  original:
    hackage: transformers-base-0.4.6@sha256:6f18f320e371c8954c4b6b211e2fdd5d15a6d6310bd605b9d640f47ede408961,1643
- completed:
    hackage: QuickCheck-2.15@sha256:39681745103da82b3d747ab49f3443982e595ba334517605e85ce3ef8ab0cec5,8743
    pantry-tree:
      sha256: 65f652205d1f76fa3c8bbb6f03f4927609122f0d26240c2cf2e20f2575d75ebd
      size: 2437
  original:
    hackage: QuickCheck-2.15@sha256:39681745103da82b3d747ab49f3443982e595ba334517605e85ce3ef8ab0cec5,8743
- completed:
    hackage: hspec-2.11.8@sha256:1e779f863c3ff0640319315c097b549c4493e293d2e23818c873064bf904f55d,1763
    pantry-tree:
      sha256: 392eb8290032d2dfbd3750f068780d77b125a535becdf0c9067828ea37e5ea4b
      size: 584
  original:
    hackage: hspec-2.11.8@sha256:1e779f863c3ff0640319315c097b549c4493e293d2e23818c873064bf904f55d,1763
- completed:
    hackage: hspec-discover-2.11.8@sha256:abbe9deea5b2f069891a5b80ff0258a4a1e6ac5bb1e166281228ce2725b5d3c5,2169
    pantry-tree:
      sha256: 6d0068a75f311ce438a63798878bba15ffef6063b93d36be53d618960a9f72cf
      size: 829
  original:
    hackage: hspec-discover-2.11.8@sha256:abbe9deea5b2f069891a5b80ff0258a4a1e6ac5bb1e166281228ce2725b5d3c5,2169
- completed:
    hackage: hspec-core-2.11.8@sha256:9d0ec343f4fd42b31688ac9649d7ad94b35280611f9484991a5b705153fb34ff,6826
    pantry-tree:
      sha256: a0a67bb0dcaeda304ede6f988114be2cb411351dd4143fa1533aa7557cfdf80a
      size: 6233
  original:
    hackage: hspec-core-2.11.8@sha256:9d0ec343f4fd42b31688ac9649d7ad94b35280611f9484991a5b705153fb34ff,6826
- completed:
    hackage: hspec-expectations-0.8.4@sha256:4237f094a7931202ff57ac6475542b0b314b50a7024550e2b6eb87cfb0d4ff93,1702
    pantry-tree:
      sha256: 87681840d430b84686f83f1ab8b5873b09c349775698665233443914acf9ba2b
      size: 741
  original:
    hackage: hspec-expectations-0.8.4@sha256:4237f094a7931202ff57ac6475542b0b314b50a7024550e2b6eb87cfb0d4ff93,1702
- completed:
    hackage: HUnit-1.6.2.0@sha256:1a79174e8af616117ad39464cac9de205ca923da6582825e97c10786fda933a4,1588
    pantry-tree:
      sha256: 4f20a5a33866171260d0ee1e256c27f53cc84d37a68d498c3e12347f4e3d05b4
      size: 878
  original:
    hackage: HUnit-1.6.2.0@sha256:1a79174e8af616117ad39464cac9de205ca923da6582825e97c10786fda933a4,1588
- completed:
    hackage: ansi-terminal-1.1.1@sha256:5b3e9228323416a1962d5948b18f9eff8569ad94a368e15f0e6104128783f572,2894
    pantry-tree:
      sha256: 44c1d57218bf034fb05dd4474c3f5bb0e54f4e1c47e3aa841eecc9dc58a865fb
      size: 1184
  original:
    hackage: ansi-terminal-1.1.1@sha256:5b3e9228323416a1962d5948b18f9eff8569ad94a368e15f0e6104128783f572,2894
- completed:
    hackage: haskell-lexer-1.1.1@sha256:4ce310678b7e56b51acb558c0233d2f71a3f3553f8a88e9b48c0bc68301f799b,1296
    pantry-tree:
      sha256: 3aee632065f6299466efeb01bf2622b75617a2c55872f8da5a7bc0aff1fc8b88
      size: 588
  original:
    hackage: haskell-lexer-1.1.1@sha256:4ce310678b7e56b51acb558c0233d2f71a3f3553f8a88e9b48c0bc68301f799b,1296
- completed:
    hackage: quickcheck-io-0.2.0@sha256:7bf0b68fb90873825eb2e5e958c1b76126dcf984debb998e81673e6d837e0b2d,1133
    pantry-tree:
      sha256: afaa27fbf8b35aa7ce174abd9c59a84a12fd7f3d08300c3280b22c1d204f11ca
      size: 223
  original:
    hackage: quickcheck-io-0.2.0@sha256:7bf0b68fb90873825eb2e5e958c1b76126dcf984debb998e81673e6d837e0b2d,1133
- completed:
    hackage: tf-random-0.5@sha256:14012837d0f0e18fdbbe3d56e67da8622ee5e20b180abce952dd50bd9f36b326,3983
    pantry-tree:
      sha256: d6483580cfea846cbf23ff1d7a67849546d5096425b6d61318a34554043b4ffb
      size: 941
  original:
    hackage: tf-random-0.5@sha256:14012837d0f0e18fdbbe3d56e67da8622ee5e20b180abce952dd50bd9f36b326,3983
- completed:
    hackage: ansi-terminal-types-1.1@sha256:135f6a381afa19d53d0a3fe40b6dd47e6666c538b09e4300fbb1438759df3248,1462
    pantry-tree:
      sha256: a0a28ef7a7d3a8e69c6bd45c7e6dddf24c17477714fc4135de3138a36e98b16a
      size: 291
  original:
    hackage: ansi-terminal-types-1.1@sha256:135f6a381afa19d53d0a3fe40b6dd47e6666c538b09e4300fbb1438759df3248,1462
- completed:
    hackage: colour-2.3.6@sha256:ebdcbf15023958838a527e381ab3c3b1e99ed12d1b25efeb7feaa4ad8c37664a,2378
    pantry-tree:
      sha256: 03f8e22f364deb86098dbfbe0bf83c896437b2355f139abdac0402658fb6ac7e
      size: 1183
  original:
    hackage: colour-2.3.6@sha256:ebdcbf15023958838a527e381ab3c3b1e99ed12d1b25efeb7feaa4ad8c37664a,2378
snapshots: []
